
Microsoft Visual Studio Solution File, Format Version 12.00
# Visual Studio Version 16
VisualStudioVersion = 16.0.29911.84
MinimumVisualStudioVersion = 10.0.40219.1
Project("{9A19103F-16F7-4668-BE54-9A1E7A4F7556}") = "Project_Management_System.Server", "Project_Management_System\Server\Project_Management_System.Server.csproj", "{02D04F24-6F53-42E8-9E74-37976C09BDC3}"
EndProject
Project("{9A19103F-16F7-4668-BE54-9A1E7A4F7556}") = "Project_Management_System.Client", "Project_Management_System\Client\Project_Management_System.Client.csproj", "{2B6630B0-8726-4A75-9C64-EC577ED6EC81}"
EndProject
Project("{9A19103F-16F7-4668-BE54-9A1E7A4F7556}") = "Project_Management_System.Shared", "Project_Management_System\Shared\Project_Management_System.Shared.csproj", "{0AE6C543-525A-446C-B6B3-0D7E88FBDF2B}"
EndProject
Project("{9A19103F-16F7-4668-BE54-9A1E7A4F7556}") = "DAL", "DAL\DAL.csproj", "{501666F4-7BAD-4EAD-B00C-7750F296A564}"
EndProject
Project("{9A19103F-16F7-4668-BE54-9A1E7A4F7556}") = "EndPoint", "EndPoint\EndPoint.csproj", "{B59475FF-20C2-4D94-BC3B-F2F7630BC558}"
EndProject
Global
	GlobalSection(SolutionConfigurationPlatforms) = preSolution
		Debug|Any CPU = Debug|Any CPU
		Release|Any CPU = Release|Any CPU
	EndGlobalSection
	GlobalSection(ProjectConfigurationPlatforms) = postSolution
		{02D04F24-6F53-42E8-9E74-37976C09BDC3}.Debug|Any CPU.ActiveCfg = Debug|Any CPU
		{02D04F24-6F53-42E8-9E74-37976C09BDC3}.Debug|Any CPU.Build.0 = Debug|Any CPU
		{02D04F24-6F53-42E8-9E74-37976C09BDC3}.Release|Any CPU.ActiveCfg = Release|Any CPU
		{02D04F24-6F53-42E8-9E74-37976C09BDC3}.Release|Any CPU.Build.0 = Release|Any CPU
		{2B6630B0-8726-4A75-9C64-EC577ED6EC81}.Debug|Any CPU.ActiveCfg = Debug|Any CPU
		{2B6630B0-8726-4A75-9C64-EC577ED6EC81}.Debug|Any CPU.Build.0 = Debug|Any CPU
		{2B6630B0-8726-4A75-9C64-EC577ED6EC81}.Release|Any CPU.ActiveCfg = Release|Any CPU
		{2B6630B0-8726-4A75-9C64-EC577ED6EC81}.Release|Any CPU.Build.0 = Release|Any CPU
		{0AE6C543-525A-446C-B6B3-0D7E88FBDF2B}.Debug|Any CPU.ActiveCfg = Debug|Any CPU
		{0AE6C543-525A-446C-B6B3-0D7E88FBDF2B}.Debug|Any CPU.Build.0 = Debug|Any CPU
		{0AE6C543-525A-446C-B6B3-0D7E88FBDF2B}.Release|Any CPU.ActiveCfg = Release|Any CPU
		{0AE6C543-525A-446C-B6B3-0D7E88FBDF2B}.Release|Any CPU.Build.0 = Release|Any CPU
		{501666F4-7BAD-4EAD-B00C-7750F296A564}.Debug|Any CPU.ActiveCfg = Debug|Any CPU
		{501666F4-7BAD-4EAD-B00C-7750F296A564}.Debug|Any CPU.Build.0 = Debug|Any CPU
		{501666F4-7BAD-4EAD-B00C-7750F296A564}.Release|Any CPU.ActiveCfg = Release|Any CPU
		{501666F4-7BAD-4EAD-B00C-7750F296A564}.Release|Any CPU.Build.0 = Release|Any CPU
		{B59475FF-20C2-4D94-BC3B-F2F7630BC558}.Debug|Any CPU.ActiveCfg = Debug|Any CPU
		{B59475FF-20C2-4D94-BC3B-F2F7630BC558}.Debug|Any CPU.Build.0 = Debug|Any CPU
		{B59475FF-20C2-4D94-BC3B-F2F7630BC558}.Release|Any CPU.ActiveCfg = Release|Any CPU
		{B59475FF-20C2-4D94-BC3B-F2F7630BC558}.Release|Any CPU.Build.0 = Release|Any CPU
	EndGlobalSection
	GlobalSection(SolutionProperties) = preSolution
		HideSolutionNode = FALSE
	EndGlobalSection
	GlobalSection(ExtensibilityGlobals) = postSolution
		SolutionGuid = {9BF95E5C-A7A9-4915-93BD-1F2815209721}
	EndGlobalSection
EndGlobal
